
Microsoft Visual Studio Solution File, Format Version 12.00
# Visual Studio Version 16
VisualStudioVersion = 16.0.32630.194
MinimumVisualStudioVersion = 10.0.40219.1
Project("{FAE04EC0-301F-11D3-BF4B-00C04F79EFBC}") = "TicTacToe", "TicTacToe\TicTacToe.csproj", "{305C2740-6553-4B8F-B27D-BC68DD4446E6}"
EndProject
Global
	GlobalSection(SolutionConfigurationPlatforms) = preSolution
		Debug|Any CPU = Debug|Any CPU
		Release|Any CPU = Release|Any CPU
	EndGlobalSection
	GlobalSection(ProjectConfigurationPlatforms) = postSolution
		{305C2740-6553-4B8F-B27D-BC68DD4446E6}.Debug|Any CPU.ActiveCfg = Debug|Any CPU
		{305C2740-6553-4B8F-B27D-BC68DD4446E6}.Debug|Any CPU.Build.0 = Debug|Any CPU
		{305C2740-6553-4B8F-B27D-BC68DD4446E6}.Release|Any CPU.ActiveCfg = Release|Any CPU
		{305C2740-6553-4B8F-B27D-BC68DD4446E6}.Release|Any CPU.Build.0 = Release|Any CPU
	EndGlobalSection
	GlobalSection(SolutionProperties) = preSolution
		HideSolutionNode = FALSE
	EndGlobalSection
	GlobalSection(ExtensibilityGlobals) = postSolution
		SolutionGuid = {B88473BA-639B-4B36-9F0B-68C2B6E3D1E8}
	EndGlobalSection
EndGlobal
